{
  "name": "planned.today",
  "version": "0.0.0",
  "lockfileVersion": 3,
  "requires": true,
  "packages": {
    "": {
      "name": "planned.today",
      "version": "0.0.0",
      "license": "MIT",
      "devDependencies": {
        "@mosaicstudiosin/prettier-config": "^2.0.1"
      }
    },
    "node_modules/@mosaicstudiosin/prettier-config": {
      "version": "2.0.1",
      "resolved": "https://registry.npmjs.org/@mosaicstudiosin/prettier-config/-/prettier-config-2.0.1.tgz",
      "integrity": "sha512-P7Uejf+5Kfvkyh8HZCX6Hc6WtsirsWwFDecCy6aNTPu6zgW+IO6x4J6QMATsk/D5tUrbvPRn551TKSdfaW3fwA==",
      "dev": true
    }
  }
}
